// !$*UTF8*$!
{
	archiveVersion = 1;
	classes = {
	};
	objectVersion = 46;
	objects = {

/* Begin PBXBuildFile section */
		682ED8EB0AC4446CA7881C31 /* libPods-AudioEngineAndOpenEarsDemo.a in Frameworks */ = {isa = PBXBuildFile; fileRef = 2DCFC0DF52C306A708451AB3 /* libPods-AudioEngineAndOpenEarsDemo.a */; };
		DC1C1FE41B42112F00CCF304 /* main.m in Sources */ = {isa = PBXBuildFile; fileRef = DC1C1FE31B42112F00CCF304 /* main.m */; };
		DC1C1FE71B42112F00CCF304 /* AppDelegate.m in Sources */ = {isa = PBXBuildFile; fileRef = DC1C1FE61B42112F00CCF304 /* AppDelegate.m */; };
		DC1C1FEA1B42112F00CCF304 /* ViewController.m in Sources */ = {isa = PBXBuildFile; fileRef = DC1C1FE91B42112F00CCF304 /* ViewController.m */; };
		DC1C1FED1B42112F00CCF304 /* Main.storyboard in Resources */ = {isa = PBXBuildFile; fileRef = DC1C1FEB1B42112F00CCF304 /* Main.storyboard */; };
		DC1C1FEF1B42112F00CCF304 /* Images.xcassets in Resources */ = {isa = PBXBuildFile; fileRef = DC1C1FEE1B42112F00CCF304 /* Images.xcassets */; };
		DC1C1FF21B42112F00CCF304 /* LaunchScreen.xib in Resources */ = {isa = PBXBuildFile; fileRef = DC1C1FF01B42112F00CCF304 /* LaunchScreen.xib */; };
		DC1C1FFE1B42112F00CCF304 /* AudioEngineAndOpenEarsDemoTests.m in Sources */ = {isa = PBXBuildFile; fileRef = DC1C1FFD1B42112F00CCF304 /* AudioEngineAndOpenEarsDemoTests.m */; };
		DC1C20091B4212C600CCF304 /* AcousticModelEnglish.bundle in Resources */ = {isa = PBXBuildFile; fileRef = DC1C20071B4212C600CCF304 /* AcousticModelEnglish.bundle */; };
		DC1C200A1B4212C600CCF304 /* OpenEars.framework in Frameworks */ = {isa = PBXBuildFile; fileRef = DC1C20081B4212C600CCF304 /* OpenEars.framework */; };
/* End PBXBuildFile section */

/* Begin PBXContainerItemProxy section */
		DC1C1FF81B42112F00CCF304 /* PBXContainerItemProxy */ = {
			isa = PBXContainerItemProxy;
			containerPortal = DC1C1FD61B42112F00CCF304 /* Project object */;
			proxyType = 1;
			remoteGlobalIDString = DC1C1FDD1B42112F00CCF304;
			remoteInfo = AudioEngineAndOpenEarsDemo;
		};
/* End PBXContainerItemProxy section */

/* Begin PBXFileReference section */
		2DCFC0DF52C306A708451AB3 /* libPods-AudioEngineAndOpenEarsDemo.a */ = {isa = PBXFileReference; explicitFileType = archive.ar; includeInIndex = 0; path = "libPods-AudioEngineAndOpenEarsDemo.a"; sourceTree = BUILT_PRODUCTS_DIR; };
		CF2A185F7821C27EC2179AB1 /* Pods-AudioEngineAndOpenEarsDemo.debug.xcconfig */ = {isa = PBXFileReference; includeInIndex = 1; lastKnownFileType = text.xcconfig; name = "Pods-AudioEngineAndOpenEarsDemo.debug.xcconfig"; path = "Pods/Target Support Files/Pods-AudioEngineAndOpenEarsDemo/Pods-AudioEngineAndOpenEarsDemo.debug.xcconfig"; sourceTree = "<group>"; };
		DAC4F9E807EAFB95CB597F7C /* Pods-AudioEngineAndOpenEarsDemo.release.xcconfig */ = {isa = PBXFileReference; includeInIndex = 1; lastKnownFileType = text.xcconfig; name = "Pods-AudioEngineAndOpenEarsDemo.release.xcconfig"; path = "Pods/Target Support Files/Pods-AudioEngineAndOpenEarsDemo/Pods-AudioEngineAndOpenEarsDemo.release.xcconfig"; sourceTree = "<group>"; };
		DC1C1FDE1B42112F00CCF304 /* AudioEngineAndOpenEarsDemo.app */ = {isa = PBXFileReference; explicitFileType = wrapper.application; includeInIndex = 0; path = AudioEngineAndOpenEarsDemo.app; sourceTree = BUILT_PRODUCTS_DIR; };
		DC1C1FE21B42112F00CCF304 /* Info.plist */ = {isa = PBXFileReference; lastKnownFileType = text.plist.xml; path = Info.plist; sourceTree = "<group>"; };
		DC1C1FE31B42112F00CCF304 /* main.m */ = {isa = PBXFileReference; lastKnownFileType = sourcecode.c.objc; path = main.m; sourceTree = "<group>"; };
		DC1C1FE51B42112F00CCF304 /* AppDelegate.h */ = {isa = PBXFileReference; lastKnownFileType = sourcecode.c.h; path = AppDelegate.h; sourceTree = "<group>"; };
		DC1C1FE61B42112F00CCF304 /* AppDelegate.m */ = {isa = PBXFileReference; lastKnownFileType = sourcecode.c.objc; path = AppDelegate.m; sourceTree = "<group>"; };
		DC1C1FE81B42112F00CCF304 /* ViewController.h */ = {isa = PBXFileReference; lastKnownFileType = sourcecode.c.h; path = ViewController.h; sourceTree = "<group>"; };
		DC1C1FE91B42112F00CCF304 /* ViewController.m */ = {isa = PBXFileReference; lastKnownFileType = sourcecode.c.objc; path = ViewController.m; sourceTree = "<group>"; };
		DC1C1FEC1B42112F00CCF304 /* Base */ = {isa = PBXFileReference; lastKnownFileType = file.storyboard; name = Base; path = Base.lproj/Main.storyboard; sourceTree = "<group>"; };
		DC1C1FEE1B42112F00CCF304 /* Images.xcassets */ = {isa = PBXFileReference; lastKnownFileType = folder.assetcatalog; path = Images.xcassets; sourceTree = "<group>"; };
		DC1C1FF11B42112F00CCF304 /* Base */ = {isa = PBXFileReference; lastKnownFileType = file.xib; name = Base; path = Base.lproj/LaunchScreen.xib; sourceTree = "<group>"; };
		DC1C1FF71B42112F00CCF304 /* AudioEngineAndOpenEarsDemoTests.xctest */ = {isa = PBXFileReference; explicitFileType = wrapper.cfbundle; includeInIndex = 0; path = AudioEngineAndOpenEarsDemoTests.xctest; sourceTree = BUILT_PRODUCTS_DIR; };
		DC1C1FFC1B42112F00CCF304 /* Info.plist */ = {isa = PBXFileReference; lastKnownFileType = text.plist.xml; path = Info.plist; sourceTree = "<group>"; };
		DC1C1FFD1B42112F00CCF304 /* AudioEngineAndOpenEarsDemoTests.m */ = {isa = PBXFileReference; lastKnownFileType = sourcecode.c.objc; path = AudioEngineAndOpenEarsDemoTests.m; sourceTree = "<group>"; };
		DC1C20071B4212C600CCF304 /* AcousticModelEnglish.bundle */ = {isa = PBXFileReference; lastKnownFileType = "wrapper.plug-in"; path = AcousticModelEnglish.bundle; sourceTree = "<group>"; };
		DC1C20081B4212C600CCF304 /* OpenEars.framework */ = {isa = PBXFileReference; lastKnownFileType = wrapper.framework; path = OpenEars.framework; sourceTree = "<group>"; };
/* End PBXFileReference section */

/* Begin PBXFrameworksBuildPhase section */
		DC1C1FDB1B42112F00CCF304 /* Frameworks */ = {
			isa = PBXFrameworksBuildPhase;
			buildActionMask = 2147483647;
			files = (
				682ED8EB0AC4446CA7881C31 /* libPods-AudioEngineAndOpenEarsDemo.a in Frameworks */,
				DC1C200A1B4212C600CCF304 /* OpenEars.framework in Frameworks */,
			);
			runOnlyForDeploymentPostprocessing = 0;
		};
		DC1C1FF41B42112F00CCF304 /* Frameworks */ = {
			isa = PBXFrameworksBuildPhase;
			buildActionMask = 2147483647;
			files = (
			);
			runOnlyForDeploymentPostprocessing = 0;
		};
/* End PBXFrameworksBuildPhase section */

/* Begin PBXGroup section */
		5014B16CC74DF796EBA61FDD /* Pods */ = {
			isa = PBXGroup;
			children = (
				CF2A185F7821C27EC2179AB1 /* Pods-AudioEngineAndOpenEarsDemo.debug.xcconfig */,
				DAC4F9E807EAFB95CB597F7C /* Pods-AudioEngineAndOpenEarsDemo.release.xcconfig */,
			);
			name = Pods;
			sourceTree = "<group>";
		};
		CD64517126CF8B845E7D0C9C /* Frameworks */ = {
			isa = PBXGroup;
			children = (
				2DCFC0DF52C306A708451AB3 /* libPods-AudioEngineAndOpenEarsDemo.a */,
			);
			name = Frameworks;
			sourceTree = "<group>";
		};
		DC1C1FD51B42112F00CCF304 = {
			isa = PBXGroup;
			children = (
				DC1C200B1B4212C900CCF304 /* OpenEars */,
				DC1C1FE01B42112F00CCF304 /* AudioEngineAndOpenEarsDemo */,
				DC1C1FFA1B42112F00CCF304 /* AudioEngineAndOpenEarsDemoTests */,
				DC1C1FDF1B42112F00CCF304 /* Products */,
				5014B16CC74DF796EBA61FDD /* Pods */,
				CD64517126CF8B845E7D0C9C /* Frameworks */,
			);
			sourceTree = "<group>";
		};
		DC1C1FDF1B42112F00CCF304 /* Products */ = {
			isa = PBXGroup;
			children = (
				DC1C1FDE1B42112F00CCF304 /* AudioEngineAndOpenEarsDemo.app */,
				DC1C1FF71B42112F00CCF304 /* AudioEngineAndOpenEarsDemoTests.xctest */,
			);
			name = Products;
			sourceTree = "<group>";
		};
		DC1C1FE01B42112F00CCF304 /* AudioEngineAndOpenEarsDemo */ = {
			isa = PBXGroup;
			children = (
				DC1C1FE51B42112F00CCF304 /* AppDelegate.h */,
				DC1C1FE61B42112F00CCF304 /* AppDelegate.m */,
				DC1C1FE81B42112F00CCF304 /* ViewController.h */,
				DC1C1FE91B42112F00CCF304 /* ViewController.m */,
				DC1C1FEB1B42112F00CCF304 /* Main.storyboard */,
				DC1C1FEE1B42112F00CCF304 /* Images.xcassets */,
				DC1C1FF01B42112F00CCF304 /* LaunchScreen.xib */,
				DC1C1FE11B42112F00CCF304 /* Supporting Files */,
			);
			path = AudioEngineAndOpenEarsDemo;
			sourceTree = "<group>";
		};
		DC1C1FE11B42112F00CCF304 /* Supporting Files */ = {
			isa = PBXGroup;
			children = (
				DC1C1FE21B42112F00CCF304 /* Info.plist */,
				DC1C1FE31B42112F00CCF304 /* main.m */,
			);
			name = "Supporting Files";
			sourceTree = "<group>";
		};
		DC1C1FFA1B42112F00CCF304 /* AudioEngineAndOpenEarsDemoTests */ = {
			isa = PBXGroup;
			children = (
				DC1C1FFD1B42112F00CCF304 /* AudioEngineAndOpenEarsDemoTests.m */,
				DC1C1FFB1B42112F00CCF304 /* Supporting Files */,
			);
			path = AudioEngineAndOpenEarsDemoTests;
			sourceTree = "<group>";
		};
		DC1C1FFB1B42112F00CCF304 /* Supporting Files */ = {
			isa = PBXGroup;
			children = (
				DC1C1FFC1B42112F00CCF304 /* Info.plist */,
			);
			name = "Supporting Files";
			sourceTree = "<group>";
		};
		DC1C200B1B4212C900CCF304 /* OpenEars */ = {
			isa = PBXGroup;
			children = (
				DC1C20071B4212C600CCF304 /* AcousticModelEnglish.bundle */,
				DC1C20081B4212C600CCF304 /* OpenEars.framework */,
			);
			name = OpenEars;
			sourceTree = "<group>";
		};
/* End PBXGroup section */

/* Begin PBXNativeTarget section */
		DC1C1FDD1B42112F00CCF304 /* AudioEngineAndOpenEarsDemo */ = {
			isa = PBXNativeTarget;
			buildConfigurationList = DC1C20011B42112F00CCF304 /* Build configuration list for PBXNativeTarget "AudioEngineAndOpenEarsDemo" */;
			buildPhases = (
				F8B029D844AA32ABB90DE7CC /* Check Pods Manifest.lock */,
				DC1C1FDA1B42112F00CCF304 /* Sources */,
				DC1C1FDB1B42112F00CCF304 /* Frameworks */,
				DC1C1FDC1B42112F00CCF304 /* Resources */,
				01A3EF3CA364E02EA47F479E /* Copy Pods Resources */,
			);
			buildRules = (
			);
			dependencies = (
			);
			name = AudioEngineAndOpenEarsDemo;
			productName = AudioEngineAndOpenEarsDemo;
			productReference = DC1C1FDE1B42112F00CCF304 /* AudioEngineAndOpenEarsDemo.app */;
			productType = "com.apple.product-type.application";
		};
		DC1C1FF61B42112F00CCF304 /* AudioEngineAndOpenEarsDemoTests */ = {
			isa = PBXNativeTarget;
			buildConfigurationList = DC1C20041B42112F00CCF304 /* Build configuration list for PBXNativeTarget "AudioEngineAndOpenEarsDemoTests" */;
			buildPhases = (
				DC1C1FF31B42112F00CCF304 /* Sources */,
				DC1C1FF41B42112F00CCF304 /* Frameworks */,
				DC1C1FF51B42112F00CCF304 /* Resources */,
			);
			buildRules = (
			);
			dependencies = (
				DC1C1FF91B42112F00CCF304 /* PBXTargetDependency */,
			);
			name = AudioEngineAndOpenEarsDemoTests;
			productName = AudioEngineAndOpenEarsDemoTests;
			productReference = DC1C1FF71B42112F00CCF304 /* AudioEngineAndOpenEarsDemoTests.xctest */;
			productType = "com.apple.product-type.bundle.unit-test";
		};
/* End PBXNativeTarget section */

/* Begin PBXProject section */
		DC1C1FD61B42112F00CCF304 /* Project object */ = {
			isa = PBXProject;
			attributes = {
				LastUpgradeCheck = 0630;
				ORGANIZATIONNAME = "Ryan McLeod";
				TargetAttributes = {
					DC1C1FDD1B42112F00CCF304 = {
						CreatedOnToolsVersion = 6.3.2;
					};
					DC1C1FF61B42112F00CCF304 = {
						CreatedOnToolsVersion = 6.3.2;
						TestTargetID = DC1C1FDD1B42112F00CCF304;
					};
				};
			};
			buildConfigurationList = DC1C1FD91B42112F00CCF304 /* Build configuration list for PBXProject "AudioEngineAndOpenEarsDemo" */;
			compatibilityVersion = "Xcode 3.2";
			developmentRegion = English;
			hasScannedForEncodings = 0;
			knownRegions = (
				en,
				Base,
			);
			mainGroup = DC1C1FD51B42112F00CCF304;
			productRefGroup = DC1C1FDF1B42112F00CCF304 /* Products */;
			projectDirPath = "";
			projectRoot = "";
			targets = (
				DC1C1FDD1B42112F00CCF304 /* AudioEngineAndOpenEarsDemo */,
				DC1C1FF61B42112F00CCF304 /* AudioEngineAndOpenEarsDemoTests */,
			);
		};
/* End PBXProject section */

/* Begin PBXResourcesBuildPhase section */
		DC1C1FDC1B42112F00CCF304 /* Resources */ = {
			isa = PBXResourcesBuildPhase;
			buildActionMask = 2147483647;
			files = (
				DC1C1FED1B42112F00CCF304 /* Main.storyboard in Resources */,
				DC1C20091B4212C600CCF304 /* AcousticModelEnglish.bundle in Resources */,
				DC1C1FF21B42112F00CCF304 /* LaunchScreen.xib in Resources */,
				DC1C1FEF1B42112F00CCF304 /* Images.xcassets in Resources */,
			);
			runOnlyForDeploymentPostprocessing = 0;
		};
		DC1C1FF51B42112F00CCF304 /* Resources */ = {
			isa = PBXResourcesBuildPhase;
			buildActionMask = 2147483647;
			files = (
			);
			runOnlyForDeploymentPostprocessing = 0;
		};
/* End PBXResourcesBuildPhase section */

/* Begin PBXShellScriptBuildPhase section */
		01A3EF3CA364E02EA47F479E /* Copy Pods Resources */ = {
			isa = PBXShellScriptBuildPhase;
			buildActionMask = 2147483647;
			files = (
			);
			inputPaths = (
			);
			name = "Copy Pods Resources";
			outputPaths = (
			);
			runOnlyForDeploymentPostprocessing = 0;
			shellPath = /bin/sh;
			shellScript = "\"${SRCROOT}/Pods/Target Support Files/Pods-AudioEngineAndOpenEarsDemo/Pods-AudioEngineAndOpenEarsDemo-resources.sh\"\n";
			showEnvVarsInLog = 0;
		};
		F8B029D844AA32ABB90DE7CC /* Check Pods Manifest.lock */ = {
			isa = PBXShellScriptBuildPhase;
			buildActionMask = 2147483647;
			files = (
			);
			inputPaths = (
			);
			name = "Check Pods Manifest.lock";
			outputPaths = (
			);
			runOnlyForDeploymentPostprocessing = 0;
			shellPath = /bin/sh;
			shellScript = "diff \"${PODS_ROOT}/../Podfile.lock\" \"${PODS_ROOT}/Manifest.lock\" > /dev/null\nif [[ $? != 0 ]] ; then\n    cat << EOM\nerror: The sandbox is not in sync with the Podfile.lock. Run 'pod install' or update your CocoaPods installation.\nEOM\n    exit 1\nfi\n";
			showEnvVarsInLog = 0;
		};
/* End PBXShellScriptBuildPhase section */

/* Begin PBXSourcesBuildPhase section */
		DC1C1FDA1B42112F00CCF304 /* Sources */ = {
			isa = PBXSourcesBuildPhase;
			buildActionMask = 2147483647;
			files = (
				DC1C1FEA1B42112F00CCF304 /* ViewController.m in Sources */,
				DC1C1FE71B42112F00CCF304 /* AppDelegate.m in Sources */,
				DC1C1FE41B42112F00CCF304 /* main.m in Sources */,
			);
			runOnlyForDeploymentPostprocessing = 0;
		};
		DC1C1FF31B42112F00CCF304 /* Sources */ = {
			isa = PBXSourcesBuildPhase;
			buildActionMask = 2147483647;
			files = (
				DC1C1FFE1B42112F00CCF304 /* AudioEngineAndOpenEarsDemoTests.m in Sources */,
			);
			runOnlyForDeploymentPostprocessing = 0;
		};
/* End PBXSourcesBuildPhase section */

/* Begin PBXTargetDependency section */
		DC1C1FF91B42112F00CCF304 /* PBXTargetDependency */ = {
			isa = PBXTargetDependency;
			target = DC1C1FDD1B42112F00CCF304 /* AudioEngineAndOpenEarsDemo */;
			targetProxy = DC1C1FF81B42112F00CCF304 /* PBXContainerItemProxy */;
		};
/* End PBXTargetDependency section */

/* Begin PBXVariantGroup section */
		DC1C1FEB1B42112F00CCF304 /* Main.storyboard */ = {
			isa = PBXVariantGroup;
			children = (
				DC1C1FEC1B42112F00CCF304 /* Base */,
			);
			name = Main.storyboard;
			sourceTree = "<group>";
		};
		DC1C1FF01B42112F00CCF304 /* LaunchScreen.xib */ = {
			isa = PBXVariantGroup;
			children = (
				DC1C1FF11B42112F00CCF304 /* Base */,
			);
			name = LaunchScreen.xib;
			sourceTree = "<group>";
		};
/* End PBXVariantGroup section */

/* Begin XCBuildConfiguration section */
		DC1C1FFF1B42112F00CCF304 /* Debug */ = {
			isa = XCBuildConfiguration;
			buildSettings = {
				ALWAYS_SEARCH_USER_PATHS = NO;
				CLANG_CXX_LANGUAGE_STANDARD = "gnu++0x";
				CLANG_CXX_LIBRARY = "libc++";
				CLANG_ENABLE_MODULES = YES;
				CLANG_ENABLE_OBJC_ARC = YES;
				CLANG_WARN_BOOL_CONVERSION = YES;
				CLANG_WARN_CONSTANT_CONVERSION = YES;
				CLANG_WARN_DIRECT_OBJC_ISA_USAGE = YES_ERROR;
				CLANG_WARN_EMPTY_BODY = YES;
				CLANG_WARN_ENUM_CONVERSION = YES;
				CLANG_WARN_INT_CONVERSION = YES;
				CLANG_WARN_OBJC_ROOT_CLASS = YES_ERROR;
				CLANG_WARN_UNREACHABLE_CODE = YES;
				CLANG_WARN__DUPLICATE_METHOD_MATCH = YES;
				"CODE_SIGN_IDENTITY[sdk=iphoneos*]" = "iPhone Developer";
				COPY_PHASE_STRIP = NO;
				DEBUG_INFORMATION_FORMAT = "dwarf-with-dsym";
				ENABLE_STRICT_OBJC_MSGSEND = YES;
				GCC_C_LANGUAGE_STANDARD = gnu99;
				GCC_DYNAMIC_NO_PIC = NO;
				GCC_NO_COMMON_BLOCKS = YES;
				GCC_OPTIMIZATION_LEVEL = 0;
				GCC_PREPROCESSOR_DEFINITIONS = (
					"DEBUG=1",
					"$(inherited)",
				);
				GCC_SYMBOLS_PRIVATE_EXTERN = NO;
				GCC_WARN_64_TO_32_BIT_CONVERSION = YES;
				GCC_WARN_ABOUT_RETURN_TYPE = YES_ERROR;
				GCC_WARN_UNDECLARED_SELECTOR = YES;
				GCC_WARN_UNINITIALIZED_AUTOS = YES_AGGRESSIVE;
				GCC_WARN_UNUSED_FUNCTION = YES;
				GCC_WARN_UNUSED_VARIABLE = YES;
				IPHONEOS_DEPLOYMENT_TARGET = 8.3;
				MTL_ENABLE_DEBUG_INFO = YES;
				ONLY_ACTIVE_ARCH = YES;
				SDKROOT = iphoneos;
			};
			name = Debug;
		};
		DC1C20001B42112F00CCF304 /* Release */ = {
			isa = XCBuildConfiguration;
			buildSettings = {
				ALWAYS_SEARCH_USER_PATHS = NO;
				CLANG_CXX_LANGUAGE_STANDARD = "gnu++0x";
				CLANG_CXX_LIBRARY = "libc++";
				CLANG_ENABLE_MODULES = YES;
				CLANG_ENABLE_OBJC_ARC = YES;
				CLANG_WARN_BOOL_CONVERSION = YES;
				CLANG_WARN_CONSTANT_CONVERSION = YES;
				CLANG_WARN_DIRECT_OBJC_ISA_USAGE = YES_ERROR;
				CLANG_WARN_EMPTY_BODY = YES;
				CLANG_WARN_ENUM_CONVERSION = YES;
				CLANG_WARN_INT_CONVERSION = YES;
				CLANG_WARN_OBJC_ROOT_CLASS = YES_ERROR;
				CLANG_WARN_UNREACHABLE_CODE = YES;
				CLANG_WARN__DUPLICATE_METHOD_MATCH = YES;
				"CODE_SIGN_IDENTITY[sdk=iphoneos*]" = "iPhone Developer";
				COPY_PHASE_STRIP = NO;
				DEBUG_INFORMATION_FORMAT = "dwarf-with-dsym";
				ENABLE_NS_ASSERTIONS = NO;
				ENABLE_STRICT_OBJC_MSGSEND = YES;
				GCC_C_LANGUAGE_STANDARD = gnu99;
				GCC_NO_COMMON_BLOCKS = YES;
				GCC_WARN_64_TO_32_BIT_CONVERSION = YES;
				GCC_WARN_ABOUT_RETURN_TYPE = YES_ERROR;
				GCC_WARN_UNDECLARED_SELECTOR = YES;
				GCC_WARN_UNINITIALIZED_AUTOS = YES_AGGRESSIVE;
				GCC_WARN_UNUSED_FUNCTION = YES;
				GCC_WARN_UNUSED_VARIABLE = YES;
				IPHONEOS_DEPLOYMENT_TARGET = 8.3;
				MTL_ENABLE_DEBUG_INFO = NO;
				SDKROOT = iphoneos;
				VALIDATE_PRODUCT = YES;
			};
			name = Release;
		};
		DC1C20021B42112F00CCF304 /* Debug */ = {
			isa = XCBuildConfiguration;
			baseConfigurationReference = CF2A185F7821C27EC2179AB1 /* Pods-AudioEngineAndOpenEarsDemo.debug.xcconfig */;
			buildSettings = {
				ASSETCATALOG_COMPILER_APPICON_NAME = AppIcon;
				FRAMEWORK_SEARCH_PATHS = (
					"$(inherited)",
					"$(PROJECT_DIR)",
				);
				INFOPLIST_FILE = AudioEngineAndOpenEarsDemo/Info.plist;
				LD_RUNPATH_SEARCH_PATHS = "$(inherited) @executable_path/Frameworks";
				PRODUCT_NAME = "$(TARGET_NAME)";
			};
			name = Debug;
		};
		DC1C20031B42112F00CCF304 /* Release */ = {
			isa = XCBuildConfiguration;
			baseConfigurationReference = DAC4F9E807EAFB95CB597F7C /* Pods-AudioEngineAndOpenEarsDemo.release.xcconfig */;
			buildSettings = {
				ASSETCATALOG_COMPILER_APPICON_NAME = AppIcon;
				FRAMEWORK_SEARCH_PATHS = (
					"$(inherited)",
					"$(PROJECT_DIR)",
				);
				INFOPLIST_FILE = AudioEngineAndOpenEarsDemo/Info.plist;
				LD_RUNPATH_SEARCH_PATHS = "$(inherited) @executable_path/Frameworks";
				PRODUCT_NAME = "$(TARGET_NAME)";
			};
			name = Release;
		};
		DC1C20051B42112F00CCF304 /* Debug */ = {
			isa = XCBuildConfiguration;
			buildSettings = {
				BUNDLE_LOADER = "$(TEST_HOST)";
				FRAMEWORK_SEARCH_PATHS = (
					"$(SDKROOT)/Developer/Library/Frameworks",
					"$(inherited)",
				);
				GCC_PREPROCESSOR_DEFINITIONS = (
					"DEBUG=1",
					"$(inherited)",
				);
				INFOPLIST_FILE = AudioEngineAndOpenEarsDemoTests/Info.plist;
				LD_RUNPATH_SEARCH_PATHS = "$(inherited) @executable_path/Frameworks @loader_path/Frameworks";
				PRODUCT_NAME = "$(TARGET_NAME)";
				TEST_HOST = "$(BUILT_PRODUCTS_DIR)/AudioEngineAndOpenEarsDemo.app/AudioEngineAndOpenEarsDemo";
			};
			name = Debug;
		};
		DC1C20061B42112F00CCF304 /* Release */ = {
			isa = XCBuildConfiguration;
			buildSettings = {
				BUNDLE_LOADER = "$(TEST_HOST)";
				FRAMEWORK_SEARCH_PATHS = (
					"$(SDKROOT)/Developer/Library/Frameworks",
					"$(inherited)",
				);
				INFOPLIST_FILE = AudioEngineAndOpenEarsDemoTests/Info.plist;
				LD_RUNPATH_SEARCH_PATHS = "$(inherited) @executable_path/Frameworks @loader_path/Frameworks";
				PRODUCT_NAME = "$(TARGET_NAME)";
				TEST_HOST = "$(BUILT_PRODUCTS_DIR)/AudioEngineAndOpenEarsDemo.app/AudioEngineAndOpenEarsDemo";
			};
			name = Release;
		};
/* End XCBuildConfiguration section */

/* Begin XCConfigurationList section */
		DC1C1FD91B42112F00CCF304 /* Build configuration list for PBXProject "AudioEngineAndOpenEarsDemo" */ = {
			isa = XCConfigurationList;
			buildConfigurations = (
				DC1C1FFF1B42112F00CCF304 /* Debug */,
				DC1C20001B42112F00CCF304 /* Release */,
			);
			defaultConfigurationIsVisible = 0;
			defaultConfigurationName = Release;
		};
		DC1C20011B42112F00CCF304 /* Build configuration list for PBXNativeTarget "AudioEngineAndOpenEarsDemo" */ = {
			isa = XCConfigurationList;
			buildConfigurations = (
				DC1C20021B42112F00CCF304 /* Debug */,
				DC1C20031B42112F00CCF304 /* Release */,
			);
			defaultConfigurationIsVisible = 0;
			defaultConfigurationName = Release;
		};
		DC1C20041B42112F00CCF304 /* Build configuration list for PBXNativeTarget "AudioEngineAndOpenEarsDemoTests" */ = {
			isa = XCConfigurationList;
			buildConfigurations = (
				DC1C20051B42112F00CCF304 /* Debug */,
				DC1C20061B42112F00CCF304 /* Release */,
			);
			defaultConfigurationIsVisible = 0;
			defaultConfigurationName = Release;
		};
/* End XCConfigurationList section */
	};
	rootObject = DC1C1FD61B42112F00CCF304 /* Project object */;
}
